<?xml version="1.0" encoding="utf-8"?>
<Project ToolsVersion="4.0" xmlns="http://schemas.microsoft.com/developer/msbuild/2003">
  <ItemGroup>
    <Filter Include="ソース ファイル">
      <UniqueIdentifier>{4FC737F1-C7A5-4376-A066-2A32D752A2FF}</UniqueIdentifier>
      <Extensions>cpp;c;cc;cxx;def;odl;idl;hpj;bat;asm;asmx</Extensions>
    </Filter>
    <Filter Include="ヘッダー ファイル">
      <UniqueIdentifier>{93995380-89BD-4b04-88EB-625FBE52EBFB}</UniqueIdentifier>
      <Extensions>h;hh;hpp;hxx;hm;inl;inc;ipp;xsd</Extensions>
    </Filter>
    <Filter Include="リソース ファイル">
      <UniqueIdentifier>{67DA6AB6-F800-4c08-8B7A-83BB121AAD01}</UniqueIdentifier>
      <Extensions>rc;ico;cur;bmp;dlg;rc2;rct;bin;rgs;gif;jpg;jpeg;jpe;resx;tiff;tif;png;wav;mfcribbon-ms</Extensions>
    </Filter>
    <Filter Include="ソース ファイル\3D">
      <UniqueIdentifier>{df5096d8-f32a-46ac-a73b-fe3c33667ad8}</UniqueIdentifier>
    </Filter>
    <Filter Include="ソース ファイル\player">
      <UniqueIdentifier>{bdf68605-117f-4b68-8c42-0431ec0e24b2}</UniqueIdentifier>
    </Filter>
    <Filter Include="ソース ファイル\wave">
      <UniqueIdentifier>{e0b3c4b7-b2d7-4720-87eb-4780189ef55c}</UniqueIdentifier>
    </Filter>
    <Filter Include="ソース ファイル\manager">
      <UniqueIdentifier>{62948240-322e-4481-9226-f2151fbcfa1b}</UniqueIdentifier>
    </Filter>
    <Filter Include="ソース ファイル\main/system">
      <UniqueIdentifier>{4adad90c-3add-4b34-a457-bb00ca029dc9}</UniqueIdentifier>
    </Filter>
    <Filter Include="ソース ファイル\3D\map">
      <UniqueIdentifier>{6d26d75e-66db-4f4f-82a2-3097eedc6acd}</UniqueIdentifier>
    </Filter>
    <Filter Include="ヘッダー ファイル\3D">
      <UniqueIdentifier>{2cc2dc70-00ef-4730-a0ea-6626878f1831}</UniqueIdentifier>
    </Filter>
    <Filter Include="ヘッダー ファイル\3D\map">
      <UniqueIdentifier>{c1ea16d6-fba7-4195-a88c-0f00311ec839}</UniqueIdentifier>
    </Filter>
    <Filter Include="ヘッダー ファイル\wave">
      <UniqueIdentifier>{f30bbab5-f0e4-4a04-859c-948878960d5d}</UniqueIdentifier>
    </Filter>
    <Filter Include="ヘッダー ファイル\main/system">
      <UniqueIdentifier>{89ce0fcc-0506-4b6c-bbfd-89df6402677f}</UniqueIdentifier>
    </Filter>
    <Filter Include="ヘッダー ファイル\player">
      <UniqueIdentifier>{e1bb917c-2469-4f31-a3e5-96f44bef5ee1}</UniqueIdentifier>
    </Filter>
    <Filter Include="ヘッダー ファイル\manager">
      <UniqueIdentifier>{e7cb05bc-a354-42af-ad80-017e32f3ae40}</UniqueIdentifier>
    </Filter>
  </ItemGroup>
  <ItemGroup>
    <ClInclude Include="main.h">
      <Filter>ヘッダー ファイル\main/system</Filter>
    </ClInclude>
    <ClInclude Include="sound.h">
      <Filter>ヘッダー ファイル\main/system</Filter>
    </ClInclude>
    <ClInclude Include="basic.h">
      <Filter>ヘッダー ファイル\main/system</Filter>
    </ClInclude>
    <ClInclude Include="input.h">
      <Filter>ヘッダー ファイル\main/system</Filter>
    </ClInclude>
    <ClInclude Include="waveManager.h">
      <Filter>ヘッダー ファイル\manager</Filter>
    </ClInclude>
    <ClInclude Include="playerManager.h">
      <Filter>ヘッダー ファイル\manager</Filter>
    </ClInclude>
    <ClInclude Include="3dMapManager.h">
      <Filter>ヘッダー ファイル\manager</Filter>
    </ClInclude>
    <ClInclude Include="3dManager.h">
      <Filter>ヘッダー ファイル\manager</Filter>
    </ClInclude>
    <ClInclude Include="meshfield.h">
      <Filter>ヘッダー ファイル\3D\map</Filter>
    </ClInclude>
    <ClInclude Include="meshwall.h">
      <Filter>ヘッダー ファイル\3D\map</Filter>
    </ClInclude>
    <ClInclude Include="Collider.h">
      <Filter>ヘッダー ファイル\main/system</Filter>
    </ClInclude>
    <ClInclude Include="camera.h">
      <Filter>ヘッダー ファイル\3D</Filter>
    </ClInclude>
    <ClInclude Include="tutorial.h">
      <Filter>ヘッダー ファイル\player</Filter>
    </ClInclude>
    <ClInclude Include="playerBackground.h">
      <Filter>ヘッダー ファイル\player</Filter>
    </ClInclude>
    <ClInclude Include="playerButton.h">
      <Filter>ヘッダー ファイル\player</Filter>
    </ClInclude>
    <ClInclude Include="playerControl.h">
      <Filter>ヘッダー ファイル\player</Filter>
    </ClInclude>
    <ClInclude Include="waveBackground.h">
      <Filter>ヘッダー ファイル\wave</Filter>
    </ClInclude>
    <ClInclude Include="waveControl.h">
      <Filter>ヘッダー ファイル\wave</Filter>
    </ClInclude>
    <ClInclude Include="soundEffect.h">
      <Filter>ヘッダー ファイル\player</Filter>
    </ClInclude>
    <ClInclude Include="monoSpeaker.h">
      <Filter>ヘッダー ファイル\3D</Filter>
    </ClInclude>
    <ClInclude Include="listener.h">
      <Filter>ヘッダー ファイル\3D</Filter>
    </ClInclude>
    <ClInclude Include="light.h">
      <Filter>ヘッダー ファイル\3D</Filter>
    </ClInclude>
    <ClInclude Include="frequencyControl.h">
      <Filter>ヘッダー ファイル\player</Filter>
    </ClInclude>
    <ClInclude Include="effectControl.h">
      <Filter>ヘッダー ファイル\player</Filter>
    </ClInclude>
    <ClInclude Include="reverb.h">
      <Filter>ヘッダー ファイル\3D</Filter>
    </ClInclude>
  </ItemGroup>
  <ItemGroup>
    <ClCompile Include="3dManager.cpp">
      <Filter>ソース ファイル\manager</Filter>
    </ClCompile>
    <ClCompile Include="3dMapManager.cpp">
      <Filter>ソース ファイル\manager</Filter>
    </ClCompile>
    <ClCompile Include="Collider.cpp">
      <Filter>ソース ファイル\main/system</Filter>
    </ClCompile>
    <ClCompile Include="basic.cpp">
      <Filter>ソース ファイル\main/system</Filter>
    </ClCompile>
    <ClCompile Include="input.cpp">
      <Filter>ソース ファイル\main/system</Filter>
    </ClCompile>
    <ClCompile Include="main.cpp">
      <Filter>ソース ファイル\main/system</Filter>
    </ClCompile>
    <ClCompile Include="meshwall.cpp">
      <Filter>ソース ファイル\3D\map</Filter>
    </ClCompile>
    <ClCompile Include="meshfield.cpp">
      <Filter>ソース ファイル\3D\map</Filter>
    </ClCompile>
    <ClCompile Include="camera.cpp">
      <Filter>ソース ファイル\3D</Filter>
    </ClCompile>
    <ClCompile Include="light.cpp">
      <Filter>ソース ファイル\3D</Filter>
    </ClCompile>
    <ClCompile Include="listener.cpp">
      <Filter>ソース ファイル\3D</Filter>
    </ClCompile>
    <ClCompile Include="monoSpeaker.cpp">
      <Filter>ソース ファイル\3D</Filter>
    </ClCompile>
    <ClCompile Include="sound.cpp">
      <Filter>ソース ファイル\main/system</Filter>
    </ClCompile>
    <ClCompile Include="effectControl.cpp">
      <Filter>ソース ファイル\player</Filter>
    </ClCompile>
    <ClCompile Include="frequencyControl.cpp">
      <Filter>ソース ファイル\player</Filter>
    </ClCompile>
    <ClCompile Include="playerBackground.cpp">
      <Filter>ソース ファイル\player</Filter>
    </ClCompile>
    <ClCompile Include="playerButton.cpp">
      <Filter>ソース ファイル\player</Filter>
    </ClCompile>
    <ClCompile Include="playerControl.cpp">
      <Filter>ソース ファイル\player</Filter>
    </ClCompile>
    <ClCompile Include="playerManager.cpp">
      <Filter>ソース ファイル\manager</Filter>
    </ClCompile>
    <ClCompile Include="waveManager.cpp">
      <Filter>ソース ファイル\manager</Filter>
    </ClCompile>
    <ClCompile Include="waveControl.cpp">
      <Filter>ソース ファイル\wave</Filter>
    </ClCompile>
    <ClCompile Include="waveBackground.cpp">
      <Filter>ソース ファイル\wave</Filter>
    </ClCompile>
    <ClCompile Include="soundEffect.cpp">
      <Filter>ソース ファイル\player</Filter>
    </ClCompile>
    <ClCompile Include="tutorial.cpp">
      <Filter>ソース ファイル\player</Filter>
    </ClCompile>
    <ClCompile Include="reverb.cpp">
      <Filter>ソース ファイル\3D</Filter>
    </ClCompile>
  </ItemGroup>
</Project>